
Microsoft Visual Studio Solution File, Format Version 12.00
Project("{2150E333-8FDC-42A3-9474-1A3956D46DE8}") = "src", "src", "{E9168C3C-51B4-4980-977F-F3695A476F0C}"
EndProject
Project("{FAE04EC0-301F-11D3-BF4B-00C04F79EFBC}") = "WebAPI", "WebAPI\WebAPI.csproj", "{51A9FB18-AF69-4F4E-8A8B-988F31593569}"
EndProject
Project("{FAE04EC0-301F-11D3-BF4B-00C04F79EFBC}") = "Framework", "Framework\Framework.csproj", "{90CB6484-C82C-4155-AD46-6BBE6D23B8F1}"
EndProject
Project("{FAE04EC0-301F-11D3-BF4B-00C04F79EFBC}") = "CommandApp", "CommandApp\CommandApp.csproj", "{D48788E0-FE46-49E4-8F5C-7847AB9D3253}"
EndProject
Project("{FAE04EC0-301F-11D3-BF4B-00C04F79EFBC}") = "Core", "Core\Core.csproj", "{67FE7AB7-EE0D-4080-B80F-845D01A52B77}"
EndProject
Project("{FAE04EC0-301F-11D3-BF4B-00C04F79EFBC}") = "SqlRepository", "SqlRepository\SqlRepository.csproj", "{90223025-E794-4BE5-B324-402F067128FF}"
EndProject
Project("{FAE04EC0-301F-11D3-BF4B-00C04F79EFBC}") = "QueryApp", "QueryApp\QueryApp.csproj", "{71E5460C-7933-4E2C-907F-78AAF5D23D44}"
EndProject
Global
	GlobalSection(SolutionConfigurationPlatforms) = preSolution
		Debug|Any CPU = Debug|Any CPU
		Release|Any CPU = Release|Any CPU
	EndGlobalSection
	GlobalSection(NestedProjects) = preSolution
		{51A9FB18-AF69-4F4E-8A8B-988F31593569} = {E9168C3C-51B4-4980-977F-F3695A476F0C}
		{90CB6484-C82C-4155-AD46-6BBE6D23B8F1} = {E9168C3C-51B4-4980-977F-F3695A476F0C}
		{D48788E0-FE46-49E4-8F5C-7847AB9D3253} = {E9168C3C-51B4-4980-977F-F3695A476F0C}
		{67FE7AB7-EE0D-4080-B80F-845D01A52B77} = {E9168C3C-51B4-4980-977F-F3695A476F0C}
		{90223025-E794-4BE5-B324-402F067128FF} = {E9168C3C-51B4-4980-977F-F3695A476F0C}
		{71E5460C-7933-4E2C-907F-78AAF5D23D44} = {E9168C3C-51B4-4980-977F-F3695A476F0C}
	EndGlobalSection
	GlobalSection(ProjectConfigurationPlatforms) = postSolution
		{51A9FB18-AF69-4F4E-8A8B-988F31593569}.Debug|Any CPU.ActiveCfg = Debug|Any CPU
		{51A9FB18-AF69-4F4E-8A8B-988F31593569}.Debug|Any CPU.Build.0 = Debug|Any CPU
		{51A9FB18-AF69-4F4E-8A8B-988F31593569}.Release|Any CPU.ActiveCfg = Release|Any CPU
		{51A9FB18-AF69-4F4E-8A8B-988F31593569}.Release|Any CPU.Build.0 = Release|Any CPU
		{90CB6484-C82C-4155-AD46-6BBE6D23B8F1}.Debug|Any CPU.ActiveCfg = Debug|Any CPU
		{90CB6484-C82C-4155-AD46-6BBE6D23B8F1}.Debug|Any CPU.Build.0 = Debug|Any CPU
		{90CB6484-C82C-4155-AD46-6BBE6D23B8F1}.Release|Any CPU.ActiveCfg = Release|Any CPU
		{90CB6484-C82C-4155-AD46-6BBE6D23B8F1}.Release|Any CPU.Build.0 = Release|Any CPU
		{D48788E0-FE46-49E4-8F5C-7847AB9D3253}.Debug|Any CPU.ActiveCfg = Debug|Any CPU
		{D48788E0-FE46-49E4-8F5C-7847AB9D3253}.Debug|Any CPU.Build.0 = Debug|Any CPU
		{D48788E0-FE46-49E4-8F5C-7847AB9D3253}.Release|Any CPU.ActiveCfg = Release|Any CPU
		{D48788E0-FE46-49E4-8F5C-7847AB9D3253}.Release|Any CPU.Build.0 = Release|Any CPU
		{67FE7AB7-EE0D-4080-B80F-845D01A52B77}.Debug|Any CPU.ActiveCfg = Debug|Any CPU
		{67FE7AB7-EE0D-4080-B80F-845D01A52B77}.Debug|Any CPU.Build.0 = Debug|Any CPU
		{67FE7AB7-EE0D-4080-B80F-845D01A52B77}.Release|Any CPU.ActiveCfg = Release|Any CPU
		{67FE7AB7-EE0D-4080-B80F-845D01A52B77}.Release|Any CPU.Build.0 = Release|Any CPU
		{90223025-E794-4BE5-B324-402F067128FF}.Debug|Any CPU.ActiveCfg = Debug|Any CPU
		{90223025-E794-4BE5-B324-402F067128FF}.Debug|Any CPU.Build.0 = Debug|Any CPU
		{90223025-E794-4BE5-B324-402F067128FF}.Release|Any CPU.ActiveCfg = Release|Any CPU
		{90223025-E794-4BE5-B324-402F067128FF}.Release|Any CPU.Build.0 = Release|Any CPU
		{71E5460C-7933-4E2C-907F-78AAF5D23D44}.Debug|Any CPU.ActiveCfg = Debug|Any CPU
		{71E5460C-7933-4E2C-907F-78AAF5D23D44}.Debug|Any CPU.Build.0 = Debug|Any CPU
		{71E5460C-7933-4E2C-907F-78AAF5D23D44}.Release|Any CPU.ActiveCfg = Release|Any CPU
		{71E5460C-7933-4E2C-907F-78AAF5D23D44}.Release|Any CPU.Build.0 = Release|Any CPU
	EndGlobalSection
EndGlobal
